
Microsoft Visual Studio Solution File, Format Version 12.00
# Visual Studio 2013
VisualStudioVersion = 12.0.21005.1
MinimumVisualStudioVersion = 10.0.40219.1
Project("{FAE04EC0-301F-11D3-BF4B-00C04F79EFBC}") = "H2017_PW_Equipe6", "H2017_PW_Equipe6\H2017_PW_Equipe6.csproj", "{4C091274-15CB-4D46-90B4-AF3154BED964}"
EndProject
Project("{FAE04EC0-301F-11D3-BF4B-00C04F79EFBC}") = "H2017_PW_Equipe6.Tests", "H2017_PW_Equipe6.Tests\H2017_PW_Equipe6.Tests.csproj", "{A41E3232-77D4-4192-A900-C1D9B7BB337F}"
EndProject
Global
	GlobalSection(SolutionConfigurationPlatforms) = preSolution
		Debug|Any CPU = Debug|Any CPU
		Release|Any CPU = Release|Any CPU
	EndGlobalSection
	GlobalSection(ProjectConfigurationPlatforms) = postSolution
		{4C091274-15CB-4D46-90B4-AF3154BED964}.Debug|Any CPU.ActiveCfg = Debug|Any CPU
		{4C091274-15CB-4D46-90B4-AF3154BED964}.Debug|Any CPU.Build.0 = Debug|Any CPU
		{4C091274-15CB-4D46-90B4-AF3154BED964}.Release|Any CPU.ActiveCfg = Release|Any CPU
		{4C091274-15CB-4D46-90B4-AF3154BED964}.Release|Any CPU.Build.0 = Release|Any CPU
		{A41E3232-77D4-4192-A900-C1D9B7BB337F}.Debug|Any CPU.ActiveCfg = Debug|Any CPU
		{A41E3232-77D4-4192-A900-C1D9B7BB337F}.Debug|Any CPU.Build.0 = Debug|Any CPU
		{A41E3232-77D4-4192-A900-C1D9B7BB337F}.Release|Any CPU.ActiveCfg = Release|Any CPU
		{A41E3232-77D4-4192-A900-C1D9B7BB337F}.Release|Any CPU.Build.0 = Release|Any CPU
	EndGlobalSection
	GlobalSection(SolutionProperties) = preSolution
		HideSolutionNode = FALSE
	EndGlobalSection
	GlobalSection(ExtensibilityGlobals) = postSolution
		VisualSVNWorkingCopyRoot = .
	EndGlobalSection
EndGlobal
